
Microsoft Visual Studio Solution File, Format Version 12.00
# Visual Studio Version 16
VisualStudioVersion = 16.0.29806.167
MinimumVisualStudioVersion = 10.0.40219.1
Project("{FAE04EC0-301F-11D3-BF4B-00C04F79EFBC}") = "Loja.Api", "Loja\Loja.Api.csproj", "{1E011F6A-8DFE-4B7D-A14F-8B1AD55FC61F}"
EndProject
Project("{FAE04EC0-301F-11D3-BF4B-00C04F79EFBC}") = "Loja.Service", "Loja.Service\Loja.Service.csproj", "{F0D605C1-08B3-4D4E-85F7-243821E0E8A6}"
EndProject
Project("{FAE04EC0-301F-11D3-BF4B-00C04F79EFBC}") = "Loja.Models", "Loja.Models\Loja.Models.csproj", "{B99B9726-995F-4B33-A852-9AF069DDA6E4}"
EndProject
Project("{FAE04EC0-301F-11D3-BF4B-00C04F79EFBC}") = "Loja.Repository", "Loja.Repository\Loja.Repository.csproj", "{68854443-90B5-4203-9820-C91765AD1EF8}"
EndProject
Global
	GlobalSection(SolutionConfigurationPlatforms) = preSolution
		Debug|Any CPU = Debug|Any CPU
		Release|Any CPU = Release|Any CPU
	EndGlobalSection
	GlobalSection(ProjectConfigurationPlatforms) = postSolution
		{1E011F6A-8DFE-4B7D-A14F-8B1AD55FC61F}.Debug|Any CPU.ActiveCfg = Debug|Any CPU
		{1E011F6A-8DFE-4B7D-A14F-8B1AD55FC61F}.Debug|Any CPU.Build.0 = Debug|Any CPU
		{1E011F6A-8DFE-4B7D-A14F-8B1AD55FC61F}.Release|Any CPU.ActiveCfg = Release|Any CPU
		{1E011F6A-8DFE-4B7D-A14F-8B1AD55FC61F}.Release|Any CPU.Build.0 = Release|Any CPU
		{F0D605C1-08B3-4D4E-85F7-243821E0E8A6}.Debug|Any CPU.ActiveCfg = Debug|Any CPU
		{F0D605C1-08B3-4D4E-85F7-243821E0E8A6}.Debug|Any CPU.Build.0 = Debug|Any CPU
		{F0D605C1-08B3-4D4E-85F7-243821E0E8A6}.Release|Any CPU.ActiveCfg = Release|Any CPU
		{F0D605C1-08B3-4D4E-85F7-243821E0E8A6}.Release|Any CPU.Build.0 = Release|Any CPU
		{B99B9726-995F-4B33-A852-9AF069DDA6E4}.Debug|Any CPU.ActiveCfg = Debug|Any CPU
		{B99B9726-995F-4B33-A852-9AF069DDA6E4}.Debug|Any CPU.Build.0 = Debug|Any CPU
		{B99B9726-995F-4B33-A852-9AF069DDA6E4}.Release|Any CPU.ActiveCfg = Release|Any CPU
		{B99B9726-995F-4B33-A852-9AF069DDA6E4}.Release|Any CPU.Build.0 = Release|Any CPU
		{68854443-90B5-4203-9820-C91765AD1EF8}.Debug|Any CPU.ActiveCfg = Debug|Any CPU
		{68854443-90B5-4203-9820-C91765AD1EF8}.Debug|Any CPU.Build.0 = Debug|Any CPU
		{68854443-90B5-4203-9820-C91765AD1EF8}.Release|Any CPU.ActiveCfg = Release|Any CPU
		{68854443-90B5-4203-9820-C91765AD1EF8}.Release|Any CPU.Build.0 = Release|Any CPU
	EndGlobalSection
	GlobalSection(SolutionProperties) = preSolution
		HideSolutionNode = FALSE
	EndGlobalSection
	GlobalSection(ExtensibilityGlobals) = postSolution
		SolutionGuid = {CBF3B558-33FA-4D37-BEB0-AB38CFD872D5}
	EndGlobalSection
EndGlobal
